
Microsoft Visual Studio Solution File, Format Version 12.00
# Visual Studio 14
VisualStudioVersion = 14.0.24720.0
MinimumVisualStudioVersion = 10.0.40219.1
Project("{FAE04EC0-301F-11D3-BF4B-00C04F79EFBC}") = "Installer", "FileSystem\Installer.csproj", "{6769D08F-E76D-4498-91EE-3F7AA6A588C9}"
EndProject
Project("{FAE04EC0-301F-11D3-BF4B-00C04F79EFBC}") = "AmbientOS.Core", "AmbientOS.C#\AmbientOS.Core\AmbientOS.Core.csproj", "{0327687C-82BC-432F-A3F2-692D33EFF782}"
EndProject
Project("{FAE04EC0-301F-11D3-BF4B-00C04F79EFBC}") = "AmbientOS.Foreign", "AmbientOS.C#\AmbientOS.Foreign\AmbientOS.Foreign.csproj", "{3374B1F8-298B-4C66-A4FA-098DC4C57F42}"
EndProject
Project("{FAE04EC0-301F-11D3-BF4B-00C04F79EFBC}") = "AmbientOS.Foreign.Windows", "AmbientOS.C#\AmbientOS.Foreign.Windows\AmbientOS.Foreign.Windows.csproj", "{1E1CB682-915D-452E-961E-C47BAE9863A6}"
EndProject
Project("{FAE04EC0-301F-11D3-BF4B-00C04F79EFBC}") = "InterfaceParser", "AmbientOS.C#\InterfaceParser\InterfaceParser.csproj", "{4252A7AA-B3EF-4411-92AB-2B9E3EAEFB80}"
EndProject
Global
	GlobalSection(SolutionConfigurationPlatforms) = preSolution
		Debug|Any CPU = Debug|Any CPU
		Debug|x64 = Debug|x64
		Release|Any CPU = Release|Any CPU
		Release|x64 = Release|x64
	EndGlobalSection
	GlobalSection(ProjectConfigurationPlatforms) = postSolution
		{6769D08F-E76D-4498-91EE-3F7AA6A588C9}.Debug|Any CPU.ActiveCfg = Debug|Any CPU
		{6769D08F-E76D-4498-91EE-3F7AA6A588C9}.Debug|Any CPU.Build.0 = Debug|Any CPU
		{6769D08F-E76D-4498-91EE-3F7AA6A588C9}.Debug|x64.ActiveCfg = Debug|x64
		{6769D08F-E76D-4498-91EE-3F7AA6A588C9}.Debug|x64.Build.0 = Debug|x64
		{6769D08F-E76D-4498-91EE-3F7AA6A588C9}.Release|Any CPU.ActiveCfg = Release|Any CPU
		{6769D08F-E76D-4498-91EE-3F7AA6A588C9}.Release|Any CPU.Build.0 = Release|Any CPU
		{6769D08F-E76D-4498-91EE-3F7AA6A588C9}.Release|x64.ActiveCfg = Release|x64
		{6769D08F-E76D-4498-91EE-3F7AA6A588C9}.Release|x64.Build.0 = Release|x64
		{0327687C-82BC-432F-A3F2-692D33EFF782}.Debug|Any CPU.ActiveCfg = Debug|Any CPU
		{0327687C-82BC-432F-A3F2-692D33EFF782}.Debug|Any CPU.Build.0 = Debug|Any CPU
		{0327687C-82BC-432F-A3F2-692D33EFF782}.Debug|x64.ActiveCfg = Debug|Any CPU
		{0327687C-82BC-432F-A3F2-692D33EFF782}.Debug|x64.Build.0 = Debug|Any CPU
		{0327687C-82BC-432F-A3F2-692D33EFF782}.Release|Any CPU.ActiveCfg = Release|Any CPU
		{0327687C-82BC-432F-A3F2-692D33EFF782}.Release|Any CPU.Build.0 = Release|Any CPU
		{0327687C-82BC-432F-A3F2-692D33EFF782}.Release|x64.ActiveCfg = Release|Any CPU
		{0327687C-82BC-432F-A3F2-692D33EFF782}.Release|x64.Build.0 = Release|Any CPU
		{3374B1F8-298B-4C66-A4FA-098DC4C57F42}.Debug|Any CPU.ActiveCfg = Debug|Any CPU
		{3374B1F8-298B-4C66-A4FA-098DC4C57F42}.Debug|Any CPU.Build.0 = Debug|Any CPU
		{3374B1F8-298B-4C66-A4FA-098DC4C57F42}.Debug|x64.ActiveCfg = Debug|Any CPU
		{3374B1F8-298B-4C66-A4FA-098DC4C57F42}.Debug|x64.Build.0 = Debug|Any CPU
		{3374B1F8-298B-4C66-A4FA-098DC4C57F42}.Release|Any CPU.ActiveCfg = Release|Any CPU
		{3374B1F8-298B-4C66-A4FA-098DC4C57F42}.Release|Any CPU.Build.0 = Release|Any CPU
		{3374B1F8-298B-4C66-A4FA-098DC4C57F42}.Release|x64.ActiveCfg = Release|Any CPU
		{3374B1F8-298B-4C66-A4FA-098DC4C57F42}.Release|x64.Build.0 = Release|Any CPU
		{1E1CB682-915D-452E-961E-C47BAE9863A6}.Debug|Any CPU.ActiveCfg = Debug|Any CPU
		{1E1CB682-915D-452E-961E-C47BAE9863A6}.Debug|Any CPU.Build.0 = Debug|Any CPU
		{1E1CB682-915D-452E-961E-C47BAE9863A6}.Debug|x64.ActiveCfg = Debug|Any CPU
		{1E1CB682-915D-452E-961E-C47BAE9863A6}.Debug|x64.Build.0 = Debug|Any CPU
		{1E1CB682-915D-452E-961E-C47BAE9863A6}.Release|Any CPU.ActiveCfg = Release|Any CPU
		{1E1CB682-915D-452E-961E-C47BAE9863A6}.Release|Any CPU.Build.0 = Release|Any CPU
		{1E1CB682-915D-452E-961E-C47BAE9863A6}.Release|x64.ActiveCfg = Release|Any CPU
		{1E1CB682-915D-452E-961E-C47BAE9863A6}.Release|x64.Build.0 = Release|Any CPU
		{4252A7AA-B3EF-4411-92AB-2B9E3EAEFB80}.Debug|Any CPU.ActiveCfg = Debug|Any CPU
		{4252A7AA-B3EF-4411-92AB-2B9E3EAEFB80}.Debug|Any CPU.Build.0 = Debug|Any CPU
		{4252A7AA-B3EF-4411-92AB-2B9E3EAEFB80}.Debug|x64.ActiveCfg = Debug|Any CPU
		{4252A7AA-B3EF-4411-92AB-2B9E3EAEFB80}.Debug|x64.Build.0 = Debug|Any CPU
		{4252A7AA-B3EF-4411-92AB-2B9E3EAEFB80}.Release|Any CPU.ActiveCfg = Release|Any CPU
		{4252A7AA-B3EF-4411-92AB-2B9E3EAEFB80}.Release|Any CPU.Build.0 = Release|Any CPU
		{4252A7AA-B3EF-4411-92AB-2B9E3EAEFB80}.Release|x64.ActiveCfg = Release|Any CPU
		{4252A7AA-B3EF-4411-92AB-2B9E3EAEFB80}.Release|x64.Build.0 = Release|Any CPU
	EndGlobalSection
	GlobalSection(SolutionProperties) = preSolution
		HideSolutionNode = FALSE
	EndGlobalSection
EndGlobal
