
Microsoft Visual Studio Solution File, Format Version 12.00
# Visual Studio 14
VisualStudioVersion = 14.0.25123.0
MinimumVisualStudioVersion = 10.0.40219.1
Project("{FAE04EC0-301F-11D3-BF4B-00C04F79EFBC}") = "AmbientOS.Core", "AmbientOS.C#\AmbientOS.Core\AmbientOS.Core.csproj", "{0327687C-82BC-432F-A3F2-692D33EFF782}"
EndProject
Project("{FAE04EC0-301F-11D3-BF4B-00C04F79EFBC}") = "AmbientOS.Platform.Foreign", "AmbientOS.C#\AmbientOS.Platform.Foreign\AmbientOS.Platform.Foreign.csproj", "{3374B1F8-298B-4C66-A4FA-098DC4C57F42}"
EndProject
Project("{FAE04EC0-301F-11D3-BF4B-00C04F79EFBC}") = "AmbientOS.Platform.Windows", "AmbientOS.C#\AmbientOS.Platform.Windows\AmbientOS.Platform.Windows.csproj", "{1E1CB682-915D-452E-961E-C47BAE9863A6}"
EndProject
Project("{FAE04EC0-301F-11D3-BF4B-00C04F79EFBC}") = "AmbientOS.Platform.iOS", "AmbientOS.C#\AmbientOS.Platform.iOS\AmbientOS.Platform.iOS.csproj", "{D1A49596-E194-4F29-9732-22CB4AE9C118}"
EndProject
Project("{FAE04EC0-301F-11D3-BF4B-00C04F79EFBC}") = "AmbientOS.Net", "AmbientOS.C#\AmbientOS.Net\AmbientOS.Net.csproj", "{51475512-C2FE-4BAC-A80F-E23BCF838BB4}"
EndProject
Project("{FAE04EC0-301F-11D3-BF4B-00C04F79EFBC}") = "Chaos.NaCl-Portable", "Chaos.NaCl\Chaos.NaCl\Chaos.NaCl-Portable.csproj", "{992710C3-DFC9-4CC1-A38B-B3F7E4A41B1C}"
EndProject
Project("{2150E333-8FDC-42A3-9474-1A3956D46DE8}") = "Solution Items", "Solution Items", "{A1A170EF-E806-4169-8D6B-B2259A0E1E9E}"
	ProjectSection(SolutionItems) = preProject
		interfaces.xml = interfaces.xml
	EndProjectSection
EndProject
Project("{FAE04EC0-301F-11D3-BF4B-00C04F79EFBC}") = "AmbientOS.FileSystem", "AmbientOS.C#\AmbientOS.FileSystem\AmbientOS.FileSystem.csproj", "{5C90AB4C-ECE3-4D15-A935-83ECCF892E90}"
EndProject
Project("{2150E333-8FDC-42A3-9474-1A3956D46DE8}") = "BuildSystem", "BuildSystem", "{4D06273E-6496-41EC-A7AB-DC8E1F19F5FB}"
EndProject
Project("{FAE04EC0-301F-11D3-BF4B-00C04F79EFBC}") = "AmbientOS.VisualStudio", "BuildSystem\AmbientOS.VisualStudio\AmbientOS.VisualStudio.csproj", "{61E863D4-1296-4725-BE75-E6A97B302A93}"
EndProject
Project("{FAE04EC0-301F-11D3-BF4B-00C04F79EFBC}") = "ApplicationTemplate", "BuildSystem\ApplicationTemplate\ApplicationTemplate.csproj", "{E2B4F426-F0B8-4857-BDDF-46465735D9ED}"
EndProject
Project("{FAE04EC0-301F-11D3-BF4B-00C04F79EFBC}") = "InterfaceParser", "BuildSystem\InterfaceParser\InterfaceParser.csproj", "{4252A7AA-B3EF-4411-92AB-2B9E3EAEFB80}"
EndProject
Project("{FAE04EC0-301F-11D3-BF4B-00C04F79EFBC}") = "Tester", "Tester\Tester.csproj", "{69F9F493-E9D5-4744-AE89-753E2F656A29}"
EndProject
Project("{FAE04EC0-301F-11D3-BF4B-00C04F79EFBC}") = "InterfaceDefinitionTemplate", "BuildSystem\InterfaceDefinitionTemplate\InterfaceDefinitionTemplate.csproj", "{60E77537-8A07-4272-9821-6A293211B1B0}"
EndProject
Project("{FAE04EC0-301F-11D3-BF4B-00C04F79EFBC}") = "LibraryTemplate", "BuildSystem\LibraryTemplate\LibraryTemplate.csproj", "{81B79043-DB0C-42F4-A5FB-DAFC5780F9A9}"
EndProject
Global
	GlobalSection(SolutionConfigurationPlatforms) = preSolution
		Debug|Android = Debug|Android
		Debug|Any CPU = Debug|Any CPU
		Debug|iPhone = Debug|iPhone
		Debug|iPhoneSimulator = Debug|iPhoneSimulator
		Publish|Android = Publish|Android
		Publish|Any CPU = Publish|Any CPU
		Publish|iPhone = Publish|iPhone
		Publish|iPhoneSimulator = Publish|iPhoneSimulator
		Release|Android = Release|Android
		Release|Any CPU = Release|Any CPU
		Release|iPhone = Release|iPhone
		Release|iPhoneSimulator = Release|iPhoneSimulator
	EndGlobalSection
	GlobalSection(ProjectConfigurationPlatforms) = postSolution
		{0327687C-82BC-432F-A3F2-692D33EFF782}.Debug|Android.ActiveCfg = Debug|Any CPU
		{0327687C-82BC-432F-A3F2-692D33EFF782}.Debug|Android.Build.0 = Debug|Any CPU
		{0327687C-82BC-432F-A3F2-692D33EFF782}.Debug|Any CPU.ActiveCfg = Debug|Any CPU
		{0327687C-82BC-432F-A3F2-692D33EFF782}.Debug|Any CPU.Build.0 = Debug|Any CPU
		{0327687C-82BC-432F-A3F2-692D33EFF782}.Debug|iPhone.ActiveCfg = Debug|Any CPU
		{0327687C-82BC-432F-A3F2-692D33EFF782}.Debug|iPhone.Build.0 = Debug|Any CPU
		{0327687C-82BC-432F-A3F2-692D33EFF782}.Debug|iPhoneSimulator.ActiveCfg = Debug|Any CPU
		{0327687C-82BC-432F-A3F2-692D33EFF782}.Debug|iPhoneSimulator.Build.0 = Debug|Any CPU
		{0327687C-82BC-432F-A3F2-692D33EFF782}.Publish|Android.ActiveCfg = Release|Any CPU
		{0327687C-82BC-432F-A3F2-692D33EFF782}.Publish|Android.Build.0 = Release|Any CPU
		{0327687C-82BC-432F-A3F2-692D33EFF782}.Publish|Any CPU.ActiveCfg = Release|Any CPU
		{0327687C-82BC-432F-A3F2-692D33EFF782}.Publish|Any CPU.Build.0 = Release|Any CPU
		{0327687C-82BC-432F-A3F2-692D33EFF782}.Publish|iPhone.ActiveCfg = Release|Any CPU
		{0327687C-82BC-432F-A3F2-692D33EFF782}.Publish|iPhone.Build.0 = Release|Any CPU
		{0327687C-82BC-432F-A3F2-692D33EFF782}.Publish|iPhoneSimulator.ActiveCfg = Release|Any CPU
		{0327687C-82BC-432F-A3F2-692D33EFF782}.Publish|iPhoneSimulator.Build.0 = Release|Any CPU
		{0327687C-82BC-432F-A3F2-692D33EFF782}.Release|Android.ActiveCfg = Release|Any CPU
		{0327687C-82BC-432F-A3F2-692D33EFF782}.Release|Android.Build.0 = Release|Any CPU
		{0327687C-82BC-432F-A3F2-692D33EFF782}.Release|Any CPU.ActiveCfg = Release|Any CPU
		{0327687C-82BC-432F-A3F2-692D33EFF782}.Release|Any CPU.Build.0 = Release|Any CPU
		{0327687C-82BC-432F-A3F2-692D33EFF782}.Release|iPhone.ActiveCfg = Release|Any CPU
		{0327687C-82BC-432F-A3F2-692D33EFF782}.Release|iPhone.Build.0 = Release|Any CPU
		{0327687C-82BC-432F-A3F2-692D33EFF782}.Release|iPhoneSimulator.ActiveCfg = Release|Any CPU
		{0327687C-82BC-432F-A3F2-692D33EFF782}.Release|iPhoneSimulator.Build.0 = Release|Any CPU
		{3374B1F8-298B-4C66-A4FA-098DC4C57F42}.Debug|Android.ActiveCfg = Debug|Any CPU
		{3374B1F8-298B-4C66-A4FA-098DC4C57F42}.Debug|Android.Build.0 = Debug|Any CPU
		{3374B1F8-298B-4C66-A4FA-098DC4C57F42}.Debug|Any CPU.ActiveCfg = Debug|Any CPU
		{3374B1F8-298B-4C66-A4FA-098DC4C57F42}.Debug|Any CPU.Build.0 = Debug|Any CPU
		{3374B1F8-298B-4C66-A4FA-098DC4C57F42}.Debug|iPhone.ActiveCfg = Debug|Any CPU
		{3374B1F8-298B-4C66-A4FA-098DC4C57F42}.Debug|iPhone.Build.0 = Debug|Any CPU
		{3374B1F8-298B-4C66-A4FA-098DC4C57F42}.Debug|iPhoneSimulator.ActiveCfg = Debug|Any CPU
		{3374B1F8-298B-4C66-A4FA-098DC4C57F42}.Debug|iPhoneSimulator.Build.0 = Debug|Any CPU
		{3374B1F8-298B-4C66-A4FA-098DC4C57F42}.Publish|Android.ActiveCfg = Publish|Any CPU
		{3374B1F8-298B-4C66-A4FA-098DC4C57F42}.Publish|Android.Build.0 = Publish|Any CPU
		{3374B1F8-298B-4C66-A4FA-098DC4C57F42}.Publish|Any CPU.ActiveCfg = Publish|Any CPU
		{3374B1F8-298B-4C66-A4FA-098DC4C57F42}.Publish|Any CPU.Build.0 = Publish|Any CPU
		{3374B1F8-298B-4C66-A4FA-098DC4C57F42}.Publish|iPhone.ActiveCfg = Publish|Any CPU
		{3374B1F8-298B-4C66-A4FA-098DC4C57F42}.Publish|iPhone.Build.0 = Publish|Any CPU
		{3374B1F8-298B-4C66-A4FA-098DC4C57F42}.Publish|iPhoneSimulator.ActiveCfg = Publish|Any CPU
		{3374B1F8-298B-4C66-A4FA-098DC4C57F42}.Publish|iPhoneSimulator.Build.0 = Publish|Any CPU
		{3374B1F8-298B-4C66-A4FA-098DC4C57F42}.Release|Android.ActiveCfg = Release|Any CPU
		{3374B1F8-298B-4C66-A4FA-098DC4C57F42}.Release|Android.Build.0 = Release|Any CPU
		{3374B1F8-298B-4C66-A4FA-098DC4C57F42}.Release|Any CPU.ActiveCfg = Release|Any CPU
		{3374B1F8-298B-4C66-A4FA-098DC4C57F42}.Release|Any CPU.Build.0 = Release|Any CPU
		{3374B1F8-298B-4C66-A4FA-098DC4C57F42}.Release|iPhone.ActiveCfg = Release|Any CPU
		{3374B1F8-298B-4C66-A4FA-098DC4C57F42}.Release|iPhone.Build.0 = Release|Any CPU
		{3374B1F8-298B-4C66-A4FA-098DC4C57F42}.Release|iPhoneSimulator.ActiveCfg = Release|Any CPU
		{3374B1F8-298B-4C66-A4FA-098DC4C57F42}.Release|iPhoneSimulator.Build.0 = Release|Any CPU
		{1E1CB682-915D-452E-961E-C47BAE9863A6}.Debug|Android.ActiveCfg = Debug|Any CPU
		{1E1CB682-915D-452E-961E-C47BAE9863A6}.Debug|Android.Build.0 = Debug|Any CPU
		{1E1CB682-915D-452E-961E-C47BAE9863A6}.Debug|Any CPU.ActiveCfg = Debug|Any CPU
		{1E1CB682-915D-452E-961E-C47BAE9863A6}.Debug|Any CPU.Build.0 = Debug|Any CPU
		{1E1CB682-915D-452E-961E-C47BAE9863A6}.Debug|iPhone.ActiveCfg = Debug|Any CPU
		{1E1CB682-915D-452E-961E-C47BAE9863A6}.Debug|iPhone.Build.0 = Debug|Any CPU
		{1E1CB682-915D-452E-961E-C47BAE9863A6}.Debug|iPhoneSimulator.ActiveCfg = Debug|Any CPU
		{1E1CB682-915D-452E-961E-C47BAE9863A6}.Debug|iPhoneSimulator.Build.0 = Debug|Any CPU
		{1E1CB682-915D-452E-961E-C47BAE9863A6}.Publish|Android.ActiveCfg = Release|Any CPU
		{1E1CB682-915D-452E-961E-C47BAE9863A6}.Publish|Android.Build.0 = Release|Any CPU
		{1E1CB682-915D-452E-961E-C47BAE9863A6}.Publish|Any CPU.ActiveCfg = Release|Any CPU
		{1E1CB682-915D-452E-961E-C47BAE9863A6}.Publish|Any CPU.Build.0 = Release|Any CPU
		{1E1CB682-915D-452E-961E-C47BAE9863A6}.Publish|iPhone.ActiveCfg = Release|Any CPU
		{1E1CB682-915D-452E-961E-C47BAE9863A6}.Publish|iPhone.Build.0 = Release|Any CPU
		{1E1CB682-915D-452E-961E-C47BAE9863A6}.Publish|iPhoneSimulator.ActiveCfg = Release|Any CPU
		{1E1CB682-915D-452E-961E-C47BAE9863A6}.Publish|iPhoneSimulator.Build.0 = Release|Any CPU
		{1E1CB682-915D-452E-961E-C47BAE9863A6}.Release|Android.ActiveCfg = Release|Any CPU
		{1E1CB682-915D-452E-961E-C47BAE9863A6}.Release|Android.Build.0 = Release|Any CPU
		{1E1CB682-915D-452E-961E-C47BAE9863A6}.Release|Any CPU.ActiveCfg = Release|Any CPU
		{1E1CB682-915D-452E-961E-C47BAE9863A6}.Release|Any CPU.Build.0 = Release|Any CPU
		{1E1CB682-915D-452E-961E-C47BAE9863A6}.Release|iPhone.ActiveCfg = Release|Any CPU
		{1E1CB682-915D-452E-961E-C47BAE9863A6}.Release|iPhone.Build.0 = Release|Any CPU
		{1E1CB682-915D-452E-961E-C47BAE9863A6}.Release|iPhoneSimulator.ActiveCfg = Release|Any CPU
		{1E1CB682-915D-452E-961E-C47BAE9863A6}.Release|iPhoneSimulator.Build.0 = Release|Any CPU
		{D1A49596-E194-4F29-9732-22CB4AE9C118}.Debug|Android.ActiveCfg = Debug|Any CPU
		{D1A49596-E194-4F29-9732-22CB4AE9C118}.Debug|Android.Build.0 = Debug|Any CPU
		{D1A49596-E194-4F29-9732-22CB4AE9C118}.Debug|Any CPU.ActiveCfg = Debug|Any CPU
		{D1A49596-E194-4F29-9732-22CB4AE9C118}.Debug|Any CPU.Build.0 = Debug|Any CPU
		{D1A49596-E194-4F29-9732-22CB4AE9C118}.Debug|iPhone.ActiveCfg = Debug|Any CPU
		{D1A49596-E194-4F29-9732-22CB4AE9C118}.Debug|iPhone.Build.0 = Debug|Any CPU
		{D1A49596-E194-4F29-9732-22CB4AE9C118}.Debug|iPhoneSimulator.ActiveCfg = Debug|Any CPU
		{D1A49596-E194-4F29-9732-22CB4AE9C118}.Debug|iPhoneSimulator.Build.0 = Debug|Any CPU
		{D1A49596-E194-4F29-9732-22CB4AE9C118}.Publish|Android.ActiveCfg = Publish|Any CPU
		{D1A49596-E194-4F29-9732-22CB4AE9C118}.Publish|Android.Build.0 = Publish|Any CPU
		{D1A49596-E194-4F29-9732-22CB4AE9C118}.Publish|Any CPU.ActiveCfg = Publish|Any CPU
		{D1A49596-E194-4F29-9732-22CB4AE9C118}.Publish|Any CPU.Build.0 = Publish|Any CPU
		{D1A49596-E194-4F29-9732-22CB4AE9C118}.Publish|iPhone.ActiveCfg = Publish|Any CPU
		{D1A49596-E194-4F29-9732-22CB4AE9C118}.Publish|iPhone.Build.0 = Publish|Any CPU
		{D1A49596-E194-4F29-9732-22CB4AE9C118}.Publish|iPhoneSimulator.ActiveCfg = Publish|Any CPU
		{D1A49596-E194-4F29-9732-22CB4AE9C118}.Publish|iPhoneSimulator.Build.0 = Publish|Any CPU
		{D1A49596-E194-4F29-9732-22CB4AE9C118}.Release|Android.ActiveCfg = Release|Any CPU
		{D1A49596-E194-4F29-9732-22CB4AE9C118}.Release|Android.Build.0 = Release|Any CPU
		{D1A49596-E194-4F29-9732-22CB4AE9C118}.Release|Any CPU.ActiveCfg = Release|Any CPU
		{D1A49596-E194-4F29-9732-22CB4AE9C118}.Release|Any CPU.Build.0 = Release|Any CPU
		{D1A49596-E194-4F29-9732-22CB4AE9C118}.Release|iPhone.ActiveCfg = Release|Any CPU
		{D1A49596-E194-4F29-9732-22CB4AE9C118}.Release|iPhone.Build.0 = Release|Any CPU
		{D1A49596-E194-4F29-9732-22CB4AE9C118}.Release|iPhoneSimulator.ActiveCfg = Release|Any CPU
		{D1A49596-E194-4F29-9732-22CB4AE9C118}.Release|iPhoneSimulator.Build.0 = Release|Any CPU
		{51475512-C2FE-4BAC-A80F-E23BCF838BB4}.Debug|Android.ActiveCfg = Debug|Any CPU
		{51475512-C2FE-4BAC-A80F-E23BCF838BB4}.Debug|Android.Build.0 = Debug|Any CPU
		{51475512-C2FE-4BAC-A80F-E23BCF838BB4}.Debug|Any CPU.ActiveCfg = Debug|Any CPU
		{51475512-C2FE-4BAC-A80F-E23BCF838BB4}.Debug|Any CPU.Build.0 = Debug|Any CPU
		{51475512-C2FE-4BAC-A80F-E23BCF838BB4}.Debug|iPhone.ActiveCfg = Debug|Any CPU
		{51475512-C2FE-4BAC-A80F-E23BCF838BB4}.Debug|iPhone.Build.0 = Debug|Any CPU
		{51475512-C2FE-4BAC-A80F-E23BCF838BB4}.Debug|iPhoneSimulator.ActiveCfg = Debug|Any CPU
		{51475512-C2FE-4BAC-A80F-E23BCF838BB4}.Debug|iPhoneSimulator.Build.0 = Debug|Any CPU
		{51475512-C2FE-4BAC-A80F-E23BCF838BB4}.Publish|Android.ActiveCfg = Release|Any CPU
		{51475512-C2FE-4BAC-A80F-E23BCF838BB4}.Publish|Android.Build.0 = Release|Any CPU
		{51475512-C2FE-4BAC-A80F-E23BCF838BB4}.Publish|Any CPU.ActiveCfg = Release|Any CPU
		{51475512-C2FE-4BAC-A80F-E23BCF838BB4}.Publish|Any CPU.Build.0 = Release|Any CPU
		{51475512-C2FE-4BAC-A80F-E23BCF838BB4}.Publish|iPhone.ActiveCfg = Release|Any CPU
		{51475512-C2FE-4BAC-A80F-E23BCF838BB4}.Publish|iPhone.Build.0 = Release|Any CPU
		{51475512-C2FE-4BAC-A80F-E23BCF838BB4}.Publish|iPhoneSimulator.ActiveCfg = Release|Any CPU
		{51475512-C2FE-4BAC-A80F-E23BCF838BB4}.Publish|iPhoneSimulator.Build.0 = Release|Any CPU
		{51475512-C2FE-4BAC-A80F-E23BCF838BB4}.Release|Android.ActiveCfg = Release|Any CPU
		{51475512-C2FE-4BAC-A80F-E23BCF838BB4}.Release|Android.Build.0 = Release|Any CPU
		{51475512-C2FE-4BAC-A80F-E23BCF838BB4}.Release|Any CPU.ActiveCfg = Release|Any CPU
		{51475512-C2FE-4BAC-A80F-E23BCF838BB4}.Release|Any CPU.Build.0 = Release|Any CPU
		{51475512-C2FE-4BAC-A80F-E23BCF838BB4}.Release|iPhone.ActiveCfg = Release|Any CPU
		{51475512-C2FE-4BAC-A80F-E23BCF838BB4}.Release|iPhone.Build.0 = Release|Any CPU
		{51475512-C2FE-4BAC-A80F-E23BCF838BB4}.Release|iPhoneSimulator.ActiveCfg = Release|Any CPU
		{51475512-C2FE-4BAC-A80F-E23BCF838BB4}.Release|iPhoneSimulator.Build.0 = Release|Any CPU
		{992710C3-DFC9-4CC1-A38B-B3F7E4A41B1C}.Debug|Android.ActiveCfg = Debug|Any CPU
		{992710C3-DFC9-4CC1-A38B-B3F7E4A41B1C}.Debug|Android.Build.0 = Debug|Any CPU
		{992710C3-DFC9-4CC1-A38B-B3F7E4A41B1C}.Debug|Any CPU.ActiveCfg = Debug|Any CPU
		{992710C3-DFC9-4CC1-A38B-B3F7E4A41B1C}.Debug|Any CPU.Build.0 = Debug|Any CPU
		{992710C3-DFC9-4CC1-A38B-B3F7E4A41B1C}.Debug|iPhone.ActiveCfg = Debug|Any CPU
		{992710C3-DFC9-4CC1-A38B-B3F7E4A41B1C}.Debug|iPhone.Build.0 = Debug|Any CPU
		{992710C3-DFC9-4CC1-A38B-B3F7E4A41B1C}.Debug|iPhoneSimulator.ActiveCfg = Debug|Any CPU
		{992710C3-DFC9-4CC1-A38B-B3F7E4A41B1C}.Debug|iPhoneSimulator.Build.0 = Debug|Any CPU
		{992710C3-DFC9-4CC1-A38B-B3F7E4A41B1C}.Publish|Android.ActiveCfg = Release|Any CPU
		{992710C3-DFC9-4CC1-A38B-B3F7E4A41B1C}.Publish|Android.Build.0 = Release|Any CPU
		{992710C3-DFC9-4CC1-A38B-B3F7E4A41B1C}.Publish|Any CPU.ActiveCfg = Release|Any CPU
		{992710C3-DFC9-4CC1-A38B-B3F7E4A41B1C}.Publish|Any CPU.Build.0 = Release|Any CPU
		{992710C3-DFC9-4CC1-A38B-B3F7E4A41B1C}.Publish|iPhone.ActiveCfg = Release|Any CPU
		{992710C3-DFC9-4CC1-A38B-B3F7E4A41B1C}.Publish|iPhone.Build.0 = Release|Any CPU
		{992710C3-DFC9-4CC1-A38B-B3F7E4A41B1C}.Publish|iPhoneSimulator.ActiveCfg = Release|Any CPU
		{992710C3-DFC9-4CC1-A38B-B3F7E4A41B1C}.Publish|iPhoneSimulator.Build.0 = Release|Any CPU
		{992710C3-DFC9-4CC1-A38B-B3F7E4A41B1C}.Release|Android.ActiveCfg = Release|Any CPU
		{992710C3-DFC9-4CC1-A38B-B3F7E4A41B1C}.Release|Android.Build.0 = Release|Any CPU
		{992710C3-DFC9-4CC1-A38B-B3F7E4A41B1C}.Release|Any CPU.ActiveCfg = Release|Any CPU
		{992710C3-DFC9-4CC1-A38B-B3F7E4A41B1C}.Release|Any CPU.Build.0 = Release|Any CPU
		{992710C3-DFC9-4CC1-A38B-B3F7E4A41B1C}.Release|iPhone.ActiveCfg = Release|Any CPU
		{992710C3-DFC9-4CC1-A38B-B3F7E4A41B1C}.Release|iPhone.Build.0 = Release|Any CPU
		{992710C3-DFC9-4CC1-A38B-B3F7E4A41B1C}.Release|iPhoneSimulator.ActiveCfg = Release|Any CPU
		{992710C3-DFC9-4CC1-A38B-B3F7E4A41B1C}.Release|iPhoneSimulator.Build.0 = Release|Any CPU
		{5C90AB4C-ECE3-4D15-A935-83ECCF892E90}.Debug|Android.ActiveCfg = Debug|Any CPU
		{5C90AB4C-ECE3-4D15-A935-83ECCF892E90}.Debug|Android.Build.0 = Debug|Any CPU
		{5C90AB4C-ECE3-4D15-A935-83ECCF892E90}.Debug|Any CPU.ActiveCfg = Debug|Any CPU
		{5C90AB4C-ECE3-4D15-A935-83ECCF892E90}.Debug|Any CPU.Build.0 = Debug|Any CPU
		{5C90AB4C-ECE3-4D15-A935-83ECCF892E90}.Debug|iPhone.ActiveCfg = Debug|Any CPU
		{5C90AB4C-ECE3-4D15-A935-83ECCF892E90}.Debug|iPhone.Build.0 = Debug|Any CPU
		{5C90AB4C-ECE3-4D15-A935-83ECCF892E90}.Debug|iPhoneSimulator.ActiveCfg = Debug|Any CPU
		{5C90AB4C-ECE3-4D15-A935-83ECCF892E90}.Debug|iPhoneSimulator.Build.0 = Debug|Any CPU
		{5C90AB4C-ECE3-4D15-A935-83ECCF892E90}.Publish|Android.ActiveCfg = Release|Any CPU
		{5C90AB4C-ECE3-4D15-A935-83ECCF892E90}.Publish|Android.Build.0 = Release|Any CPU
		{5C90AB4C-ECE3-4D15-A935-83ECCF892E90}.Publish|Any CPU.ActiveCfg = Release|Any CPU
		{5C90AB4C-ECE3-4D15-A935-83ECCF892E90}.Publish|Any CPU.Build.0 = Release|Any CPU
		{5C90AB4C-ECE3-4D15-A935-83ECCF892E90}.Publish|iPhone.ActiveCfg = Release|Any CPU
		{5C90AB4C-ECE3-4D15-A935-83ECCF892E90}.Publish|iPhone.Build.0 = Release|Any CPU
		{5C90AB4C-ECE3-4D15-A935-83ECCF892E90}.Publish|iPhoneSimulator.ActiveCfg = Release|Any CPU
		{5C90AB4C-ECE3-4D15-A935-83ECCF892E90}.Publish|iPhoneSimulator.Build.0 = Release|Any CPU
		{5C90AB4C-ECE3-4D15-A935-83ECCF892E90}.Release|Android.ActiveCfg = Release|Any CPU
		{5C90AB4C-ECE3-4D15-A935-83ECCF892E90}.Release|Android.Build.0 = Release|Any CPU
		{5C90AB4C-ECE3-4D15-A935-83ECCF892E90}.Release|Any CPU.ActiveCfg = Release|Any CPU
		{5C90AB4C-ECE3-4D15-A935-83ECCF892E90}.Release|Any CPU.Build.0 = Release|Any CPU
		{5C90AB4C-ECE3-4D15-A935-83ECCF892E90}.Release|iPhone.ActiveCfg = Release|Any CPU
		{5C90AB4C-ECE3-4D15-A935-83ECCF892E90}.Release|iPhone.Build.0 = Release|Any CPU
		{5C90AB4C-ECE3-4D15-A935-83ECCF892E90}.Release|iPhoneSimulator.ActiveCfg = Release|Any CPU
		{5C90AB4C-ECE3-4D15-A935-83ECCF892E90}.Release|iPhoneSimulator.Build.0 = Release|Any CPU
		{61E863D4-1296-4725-BE75-E6A97B302A93}.Debug|Android.ActiveCfg = Debug|Any CPU
		{61E863D4-1296-4725-BE75-E6A97B302A93}.Debug|Android.Build.0 = Debug|Any CPU
		{61E863D4-1296-4725-BE75-E6A97B302A93}.Debug|Any CPU.ActiveCfg = Debug|Any CPU
		{61E863D4-1296-4725-BE75-E6A97B302A93}.Debug|Any CPU.Build.0 = Debug|Any CPU
		{61E863D4-1296-4725-BE75-E6A97B302A93}.Debug|iPhone.ActiveCfg = Debug|Any CPU
		{61E863D4-1296-4725-BE75-E6A97B302A93}.Debug|iPhone.Build.0 = Debug|Any CPU
		{61E863D4-1296-4725-BE75-E6A97B302A93}.Debug|iPhoneSimulator.ActiveCfg = Debug|Any CPU
		{61E863D4-1296-4725-BE75-E6A97B302A93}.Debug|iPhoneSimulator.Build.0 = Debug|Any CPU
		{61E863D4-1296-4725-BE75-E6A97B302A93}.Publish|Android.ActiveCfg = Release|Any CPU
		{61E863D4-1296-4725-BE75-E6A97B302A93}.Publish|Android.Build.0 = Release|Any CPU
		{61E863D4-1296-4725-BE75-E6A97B302A93}.Publish|Any CPU.ActiveCfg = Release|Any CPU
		{61E863D4-1296-4725-BE75-E6A97B302A93}.Publish|Any CPU.Build.0 = Release|Any CPU
		{61E863D4-1296-4725-BE75-E6A97B302A93}.Publish|iPhone.ActiveCfg = Release|Any CPU
		{61E863D4-1296-4725-BE75-E6A97B302A93}.Publish|iPhone.Build.0 = Release|Any CPU
		{61E863D4-1296-4725-BE75-E6A97B302A93}.Publish|iPhoneSimulator.ActiveCfg = Release|Any CPU
		{61E863D4-1296-4725-BE75-E6A97B302A93}.Publish|iPhoneSimulator.Build.0 = Release|Any CPU
		{61E863D4-1296-4725-BE75-E6A97B302A93}.Release|Android.ActiveCfg = Release|Any CPU
		{61E863D4-1296-4725-BE75-E6A97B302A93}.Release|Android.Build.0 = Release|Any CPU
		{61E863D4-1296-4725-BE75-E6A97B302A93}.Release|Any CPU.ActiveCfg = Release|Any CPU
		{61E863D4-1296-4725-BE75-E6A97B302A93}.Release|Any CPU.Build.0 = Release|Any CPU
		{61E863D4-1296-4725-BE75-E6A97B302A93}.Release|iPhone.ActiveCfg = Release|Any CPU
		{61E863D4-1296-4725-BE75-E6A97B302A93}.Release|iPhone.Build.0 = Release|Any CPU
		{61E863D4-1296-4725-BE75-E6A97B302A93}.Release|iPhoneSimulator.ActiveCfg = Release|Any CPU
		{61E863D4-1296-4725-BE75-E6A97B302A93}.Release|iPhoneSimulator.Build.0 = Release|Any CPU
		{E2B4F426-F0B8-4857-BDDF-46465735D9ED}.Debug|Android.ActiveCfg = Debug|Any CPU
		{E2B4F426-F0B8-4857-BDDF-46465735D9ED}.Debug|Android.Build.0 = Debug|Any CPU
		{E2B4F426-F0B8-4857-BDDF-46465735D9ED}.Debug|Any CPU.ActiveCfg = Debug|Any CPU
		{E2B4F426-F0B8-4857-BDDF-46465735D9ED}.Debug|Any CPU.Build.0 = Debug|Any CPU
		{E2B4F426-F0B8-4857-BDDF-46465735D9ED}.Debug|iPhone.ActiveCfg = Debug|Any CPU
		{E2B4F426-F0B8-4857-BDDF-46465735D9ED}.Debug|iPhone.Build.0 = Debug|Any CPU
		{E2B4F426-F0B8-4857-BDDF-46465735D9ED}.Debug|iPhoneSimulator.ActiveCfg = Debug|Any CPU
		{E2B4F426-F0B8-4857-BDDF-46465735D9ED}.Debug|iPhoneSimulator.Build.0 = Debug|Any CPU
		{E2B4F426-F0B8-4857-BDDF-46465735D9ED}.Publish|Android.ActiveCfg = Release|Any CPU
		{E2B4F426-F0B8-4857-BDDF-46465735D9ED}.Publish|Android.Build.0 = Release|Any CPU
		{E2B4F426-F0B8-4857-BDDF-46465735D9ED}.Publish|Any CPU.ActiveCfg = Release|Any CPU
		{E2B4F426-F0B8-4857-BDDF-46465735D9ED}.Publish|Any CPU.Build.0 = Release|Any CPU
		{E2B4F426-F0B8-4857-BDDF-46465735D9ED}.Publish|iPhone.ActiveCfg = Release|Any CPU
		{E2B4F426-F0B8-4857-BDDF-46465735D9ED}.Publish|iPhone.Build.0 = Release|Any CPU
		{E2B4F426-F0B8-4857-BDDF-46465735D9ED}.Publish|iPhoneSimulator.ActiveCfg = Release|Any CPU
		{E2B4F426-F0B8-4857-BDDF-46465735D9ED}.Publish|iPhoneSimulator.Build.0 = Release|Any CPU
		{E2B4F426-F0B8-4857-BDDF-46465735D9ED}.Release|Android.ActiveCfg = Release|Any CPU
		{E2B4F426-F0B8-4857-BDDF-46465735D9ED}.Release|Android.Build.0 = Release|Any CPU
		{E2B4F426-F0B8-4857-BDDF-46465735D9ED}.Release|Any CPU.ActiveCfg = Release|Any CPU
		{E2B4F426-F0B8-4857-BDDF-46465735D9ED}.Release|Any CPU.Build.0 = Release|Any CPU
		{E2B4F426-F0B8-4857-BDDF-46465735D9ED}.Release|iPhone.ActiveCfg = Release|Any CPU
		{E2B4F426-F0B8-4857-BDDF-46465735D9ED}.Release|iPhone.Build.0 = Release|Any CPU
		{E2B4F426-F0B8-4857-BDDF-46465735D9ED}.Release|iPhoneSimulator.ActiveCfg = Release|Any CPU
		{E2B4F426-F0B8-4857-BDDF-46465735D9ED}.Release|iPhoneSimulator.Build.0 = Release|Any CPU
		{4252A7AA-B3EF-4411-92AB-2B9E3EAEFB80}.Debug|Android.ActiveCfg = Debug|Any CPU
		{4252A7AA-B3EF-4411-92AB-2B9E3EAEFB80}.Debug|Android.Build.0 = Debug|Any CPU
		{4252A7AA-B3EF-4411-92AB-2B9E3EAEFB80}.Debug|Any CPU.ActiveCfg = Debug|Any CPU
		{4252A7AA-B3EF-4411-92AB-2B9E3EAEFB80}.Debug|Any CPU.Build.0 = Debug|Any CPU
		{4252A7AA-B3EF-4411-92AB-2B9E3EAEFB80}.Debug|iPhone.ActiveCfg = Debug|Any CPU
		{4252A7AA-B3EF-4411-92AB-2B9E3EAEFB80}.Debug|iPhone.Build.0 = Debug|Any CPU
		{4252A7AA-B3EF-4411-92AB-2B9E3EAEFB80}.Debug|iPhoneSimulator.ActiveCfg = Debug|Any CPU
		{4252A7AA-B3EF-4411-92AB-2B9E3EAEFB80}.Debug|iPhoneSimulator.Build.0 = Debug|Any CPU
		{4252A7AA-B3EF-4411-92AB-2B9E3EAEFB80}.Publish|Android.ActiveCfg = Release|Any CPU
		{4252A7AA-B3EF-4411-92AB-2B9E3EAEFB80}.Publish|Android.Build.0 = Release|Any CPU
		{4252A7AA-B3EF-4411-92AB-2B9E3EAEFB80}.Publish|Any CPU.ActiveCfg = Release|Any CPU
		{4252A7AA-B3EF-4411-92AB-2B9E3EAEFB80}.Publish|Any CPU.Build.0 = Release|Any CPU
		{4252A7AA-B3EF-4411-92AB-2B9E3EAEFB80}.Publish|iPhone.ActiveCfg = Release|Any CPU
		{4252A7AA-B3EF-4411-92AB-2B9E3EAEFB80}.Publish|iPhone.Build.0 = Release|Any CPU
		{4252A7AA-B3EF-4411-92AB-2B9E3EAEFB80}.Publish|iPhoneSimulator.ActiveCfg = Release|Any CPU
		{4252A7AA-B3EF-4411-92AB-2B9E3EAEFB80}.Publish|iPhoneSimulator.Build.0 = Release|Any CPU
		{4252A7AA-B3EF-4411-92AB-2B9E3EAEFB80}.Release|Android.ActiveCfg = Release|Any CPU
		{4252A7AA-B3EF-4411-92AB-2B9E3EAEFB80}.Release|Android.Build.0 = Release|Any CPU
		{4252A7AA-B3EF-4411-92AB-2B9E3EAEFB80}.Release|Any CPU.ActiveCfg = Release|Any CPU
		{4252A7AA-B3EF-4411-92AB-2B9E3EAEFB80}.Release|Any CPU.Build.0 = Release|Any CPU
		{4252A7AA-B3EF-4411-92AB-2B9E3EAEFB80}.Release|iPhone.ActiveCfg = Release|Any CPU
		{4252A7AA-B3EF-4411-92AB-2B9E3EAEFB80}.Release|iPhone.Build.0 = Release|Any CPU
		{4252A7AA-B3EF-4411-92AB-2B9E3EAEFB80}.Release|iPhoneSimulator.ActiveCfg = Release|Any CPU
		{4252A7AA-B3EF-4411-92AB-2B9E3EAEFB80}.Release|iPhoneSimulator.Build.0 = Release|Any CPU
		{69F9F493-E9D5-4744-AE89-753E2F656A29}.Debug|Android.ActiveCfg = Debug|Android
		{69F9F493-E9D5-4744-AE89-753E2F656A29}.Debug|Android.Build.0 = Debug|Android
		{69F9F493-E9D5-4744-AE89-753E2F656A29}.Debug|Any CPU.ActiveCfg = Debug|Any CPU
		{69F9F493-E9D5-4744-AE89-753E2F656A29}.Debug|Any CPU.Build.0 = Debug|Any CPU
		{69F9F493-E9D5-4744-AE89-753E2F656A29}.Debug|iPhone.ActiveCfg = Debug|iPhone
		{69F9F493-E9D5-4744-AE89-753E2F656A29}.Debug|iPhone.Build.0 = Debug|iPhone
		{69F9F493-E9D5-4744-AE89-753E2F656A29}.Debug|iPhoneSimulator.ActiveCfg = Debug|iPhoneSimulator
		{69F9F493-E9D5-4744-AE89-753E2F656A29}.Debug|iPhoneSimulator.Build.0 = Debug|iPhoneSimulator
		{69F9F493-E9D5-4744-AE89-753E2F656A29}.Publish|Android.ActiveCfg = Publish|Android
		{69F9F493-E9D5-4744-AE89-753E2F656A29}.Publish|Android.Build.0 = Publish|Android
		{69F9F493-E9D5-4744-AE89-753E2F656A29}.Publish|Any CPU.ActiveCfg = Publish|Any CPU
		{69F9F493-E9D5-4744-AE89-753E2F656A29}.Publish|Any CPU.Build.0 = Publish|Any CPU
		{69F9F493-E9D5-4744-AE89-753E2F656A29}.Publish|iPhone.ActiveCfg = Publish|iPhone
		{69F9F493-E9D5-4744-AE89-753E2F656A29}.Publish|iPhone.Build.0 = Publish|iPhone
		{69F9F493-E9D5-4744-AE89-753E2F656A29}.Publish|iPhoneSimulator.ActiveCfg = Publish|iPhoneSimulator
		{69F9F493-E9D5-4744-AE89-753E2F656A29}.Publish|iPhoneSimulator.Build.0 = Publish|iPhoneSimulator
		{69F9F493-E9D5-4744-AE89-753E2F656A29}.Release|Android.ActiveCfg = Release|Android
		{69F9F493-E9D5-4744-AE89-753E2F656A29}.Release|Android.Build.0 = Release|Android
		{69F9F493-E9D5-4744-AE89-753E2F656A29}.Release|Any CPU.ActiveCfg = Release|Any CPU
		{69F9F493-E9D5-4744-AE89-753E2F656A29}.Release|Any CPU.Build.0 = Release|Any CPU
		{69F9F493-E9D5-4744-AE89-753E2F656A29}.Release|iPhone.ActiveCfg = Release|iPhone
		{69F9F493-E9D5-4744-AE89-753E2F656A29}.Release|iPhone.Build.0 = Release|iPhone
		{69F9F493-E9D5-4744-AE89-753E2F656A29}.Release|iPhoneSimulator.ActiveCfg = Release|iPhoneSimulator
		{69F9F493-E9D5-4744-AE89-753E2F656A29}.Release|iPhoneSimulator.Build.0 = Release|iPhoneSimulator
		{60E77537-8A07-4272-9821-6A293211B1B0}.Debug|Android.ActiveCfg = Debug|Any CPU
		{60E77537-8A07-4272-9821-6A293211B1B0}.Debug|Android.Build.0 = Debug|Any CPU
		{60E77537-8A07-4272-9821-6A293211B1B0}.Debug|Any CPU.ActiveCfg = Debug|Any CPU
		{60E77537-8A07-4272-9821-6A293211B1B0}.Debug|Any CPU.Build.0 = Debug|Any CPU
		{60E77537-8A07-4272-9821-6A293211B1B0}.Debug|iPhone.ActiveCfg = Debug|Any CPU
		{60E77537-8A07-4272-9821-6A293211B1B0}.Debug|iPhone.Build.0 = Debug|Any CPU
		{60E77537-8A07-4272-9821-6A293211B1B0}.Debug|iPhoneSimulator.ActiveCfg = Debug|Any CPU
		{60E77537-8A07-4272-9821-6A293211B1B0}.Debug|iPhoneSimulator.Build.0 = Debug|Any CPU
		{60E77537-8A07-4272-9821-6A293211B1B0}.Publish|Android.ActiveCfg = Release|Any CPU
		{60E77537-8A07-4272-9821-6A293211B1B0}.Publish|Android.Build.0 = Release|Any CPU
		{60E77537-8A07-4272-9821-6A293211B1B0}.Publish|Any CPU.ActiveCfg = Release|Any CPU
		{60E77537-8A07-4272-9821-6A293211B1B0}.Publish|Any CPU.Build.0 = Release|Any CPU
		{60E77537-8A07-4272-9821-6A293211B1B0}.Publish|iPhone.ActiveCfg = Release|Any CPU
		{60E77537-8A07-4272-9821-6A293211B1B0}.Publish|iPhone.Build.0 = Release|Any CPU
		{60E77537-8A07-4272-9821-6A293211B1B0}.Publish|iPhoneSimulator.ActiveCfg = Release|Any CPU
		{60E77537-8A07-4272-9821-6A293211B1B0}.Publish|iPhoneSimulator.Build.0 = Release|Any CPU
		{60E77537-8A07-4272-9821-6A293211B1B0}.Release|Android.ActiveCfg = Release|Any CPU
		{60E77537-8A07-4272-9821-6A293211B1B0}.Release|Android.Build.0 = Release|Any CPU
		{60E77537-8A07-4272-9821-6A293211B1B0}.Release|Any CPU.ActiveCfg = Release|Any CPU
		{60E77537-8A07-4272-9821-6A293211B1B0}.Release|Any CPU.Build.0 = Release|Any CPU
		{60E77537-8A07-4272-9821-6A293211B1B0}.Release|iPhone.ActiveCfg = Release|Any CPU
		{60E77537-8A07-4272-9821-6A293211B1B0}.Release|iPhone.Build.0 = Release|Any CPU
		{60E77537-8A07-4272-9821-6A293211B1B0}.Release|iPhoneSimulator.ActiveCfg = Release|Any CPU
		{60E77537-8A07-4272-9821-6A293211B1B0}.Release|iPhoneSimulator.Build.0 = Release|Any CPU
		{81B79043-DB0C-42F4-A5FB-DAFC5780F9A9}.Debug|Android.ActiveCfg = Debug|Any CPU
		{81B79043-DB0C-42F4-A5FB-DAFC5780F9A9}.Debug|Android.Build.0 = Debug|Any CPU
		{81B79043-DB0C-42F4-A5FB-DAFC5780F9A9}.Debug|Any CPU.ActiveCfg = Debug|Any CPU
		{81B79043-DB0C-42F4-A5FB-DAFC5780F9A9}.Debug|Any CPU.Build.0 = Debug|Any CPU
		{81B79043-DB0C-42F4-A5FB-DAFC5780F9A9}.Debug|iPhone.ActiveCfg = Debug|Any CPU
		{81B79043-DB0C-42F4-A5FB-DAFC5780F9A9}.Debug|iPhone.Build.0 = Debug|Any CPU
		{81B79043-DB0C-42F4-A5FB-DAFC5780F9A9}.Debug|iPhoneSimulator.ActiveCfg = Debug|Any CPU
		{81B79043-DB0C-42F4-A5FB-DAFC5780F9A9}.Debug|iPhoneSimulator.Build.0 = Debug|Any CPU
		{81B79043-DB0C-42F4-A5FB-DAFC5780F9A9}.Publish|Android.ActiveCfg = Release|Any CPU
		{81B79043-DB0C-42F4-A5FB-DAFC5780F9A9}.Publish|Android.Build.0 = Release|Any CPU
		{81B79043-DB0C-42F4-A5FB-DAFC5780F9A9}.Publish|Any CPU.ActiveCfg = Release|Any CPU
		{81B79043-DB0C-42F4-A5FB-DAFC5780F9A9}.Publish|Any CPU.Build.0 = Release|Any CPU
		{81B79043-DB0C-42F4-A5FB-DAFC5780F9A9}.Publish|iPhone.ActiveCfg = Release|Any CPU
		{81B79043-DB0C-42F4-A5FB-DAFC5780F9A9}.Publish|iPhone.Build.0 = Release|Any CPU
		{81B79043-DB0C-42F4-A5FB-DAFC5780F9A9}.Publish|iPhoneSimulator.ActiveCfg = Release|Any CPU
		{81B79043-DB0C-42F4-A5FB-DAFC5780F9A9}.Publish|iPhoneSimulator.Build.0 = Release|Any CPU
		{81B79043-DB0C-42F4-A5FB-DAFC5780F9A9}.Release|Android.ActiveCfg = Release|Any CPU
		{81B79043-DB0C-42F4-A5FB-DAFC5780F9A9}.Release|Android.Build.0 = Release|Any CPU
		{81B79043-DB0C-42F4-A5FB-DAFC5780F9A9}.Release|Any CPU.ActiveCfg = Release|Any CPU
		{81B79043-DB0C-42F4-A5FB-DAFC5780F9A9}.Release|Any CPU.Build.0 = Release|Any CPU
		{81B79043-DB0C-42F4-A5FB-DAFC5780F9A9}.Release|iPhone.ActiveCfg = Release|Any CPU
		{81B79043-DB0C-42F4-A5FB-DAFC5780F9A9}.Release|iPhone.Build.0 = Release|Any CPU
		{81B79043-DB0C-42F4-A5FB-DAFC5780F9A9}.Release|iPhoneSimulator.ActiveCfg = Release|Any CPU
		{81B79043-DB0C-42F4-A5FB-DAFC5780F9A9}.Release|iPhoneSimulator.Build.0 = Release|Any CPU
	EndGlobalSection
	GlobalSection(SolutionProperties) = preSolution
		HideSolutionNode = FALSE
	EndGlobalSection
	GlobalSection(NestedProjects) = preSolution
		{61E863D4-1296-4725-BE75-E6A97B302A93} = {4D06273E-6496-41EC-A7AB-DC8E1F19F5FB}
		{E2B4F426-F0B8-4857-BDDF-46465735D9ED} = {4D06273E-6496-41EC-A7AB-DC8E1F19F5FB}
		{4252A7AA-B3EF-4411-92AB-2B9E3EAEFB80} = {4D06273E-6496-41EC-A7AB-DC8E1F19F5FB}
		{60E77537-8A07-4272-9821-6A293211B1B0} = {4D06273E-6496-41EC-A7AB-DC8E1F19F5FB}
		{81B79043-DB0C-42F4-A5FB-DAFC5780F9A9} = {4D06273E-6496-41EC-A7AB-DC8E1F19F5FB}
	EndGlobalSection
EndGlobal
